# This file is automatically @generated by Cargo.
# It is not intended for manual editing.
version = 4

[[package]]
name = "charize"
version = "0.0.2"
source = "registry+https://github.com/rust-lang/crates.io-index"
checksum = "a081d25a9b0ccd7c31528a00293e400b068ffe875febb7f1b53b634b00cf6bb8"

[[package]]
name = "example"
version = "0.1.0"
dependencies = [
 "neure",
]

[[package]]
name = "neure"
version = "0.7.0"
source = "git+https://github.com/araraloren/neure?branch=main#b6064d294be6db5a1c500b19aa5b3b2dd83fd053"
dependencies = [
 "charize",
]
